
Microsoft Visual Studio Solution File, Format Version 12.00
# Visual Studio Version 16
VisualStudioVersion = 16.0.32228.343
MinimumVisualStudioVersion = 10.0.40219.1
Project("{9A19103F-16F7-4668-BE54-9A1E7A4F7556}") = "OGTools.Client", "OGTools.Client\OGTools.Client.csproj", "{0918A6E5-327D-47D0-B4D1-F186A45F2AD9}"
EndProject
Project("{9A19103F-16F7-4668-BE54-9A1E7A4F7556}") = "OGTools.Shared", "OGTools.Shared\OGTools.Shared.csproj", "{D12D36D8-1664-466E-8BBA-D625CD9CE6C3}"
EndProject
Global
	GlobalSection(SolutionConfigurationPlatforms) = preSolution
		Debug|Any CPU = Debug|Any CPU
		Release|Any CPU = Release|Any CPU
	EndGlobalSection
	GlobalSection(ProjectConfigurationPlatforms) = postSolution
		{0918A6E5-327D-47D0-B4D1-F186A45F2AD9}.Debug|Any CPU.ActiveCfg = Debug|Any CPU
		{0918A6E5-327D-47D0-B4D1-F186A45F2AD9}.Debug|Any CPU.Build.0 = Debug|Any CPU
		{0918A6E5-327D-47D0-B4D1-F186A45F2AD9}.Release|Any CPU.ActiveCfg = Release|Any CPU
		{0918A6E5-327D-47D0-B4D1-F186A45F2AD9}.Release|Any CPU.Build.0 = Release|Any CPU
		{D12D36D8-1664-466E-8BBA-D625CD9CE6C3}.Debug|Any CPU.ActiveCfg = Debug|Any CPU
		{D12D36D8-1664-466E-8BBA-D625CD9CE6C3}.Debug|Any CPU.Build.0 = Debug|Any CPU
		{D12D36D8-1664-466E-8BBA-D625CD9CE6C3}.Release|Any CPU.ActiveCfg = Release|Any CPU
		{D12D36D8-1664-466E-8BBA-D625CD9CE6C3}.Release|Any CPU.Build.0 = Release|Any CPU
	EndGlobalSection
	GlobalSection(SolutionProperties) = preSolution
		HideSolutionNode = FALSE
	EndGlobalSection
	GlobalSection(ExtensibilityGlobals) = postSolution
		SolutionGuid = {E5EDCBE3-4009-45F2-8166-5E35D9067253}
	EndGlobalSection
EndGlobal
